
Microsoft Visual Studio Solution File, Format Version 12.00
# Visual Studio Version 16
VisualStudioVersion = 16.0.30204.135
MinimumVisualStudioVersion = 10.0.40219.1
Project("{9A19103F-16F7-4668-BE54-9A1E7A4F7556}") = "AspNetCoreTodo.Web", "AspNetCoreTodo.Web\AspNetCoreTodo.Web.csproj", "{E26C71F6-6328-4168-A2D3-18BE3C8AF606}"
EndProject
Project("{9A19103F-16F7-4668-BE54-9A1E7A4F7556}") = "AspNetCoreTodo.Core", "AspNetCoreTodo.Core\AspNetCoreTodo.Core.csproj", "{6E4D2EAC-4419-44F3-94A4-D1B7270F0000}"
EndProject
Project("{9A19103F-16F7-4668-BE54-9A1E7A4F7556}") = "AspNetCoreTodo.Models", "AspNetCoreTodo.Models\AspNetCoreTodo.Models.csproj", "{19AD05A7-A161-43A2-8A5D-49A2D44F08F8}"
EndProject
Project("{FAE04EC0-301F-11D3-BF4B-00C04F79EFBC}") = "AspNetCoreTodo.Contracts", "AspNetCoreTodo.Contracts\AspNetCoreTodo.Contracts.csproj", "{4B2E8B7B-4319-45CF-9D4E-F70C5CFFDE76}"
EndProject
Project("{FAE04EC0-301F-11D3-BF4B-00C04F79EFBC}") = "AspNetCoreTodo.Data", "AspNetCoreTodo.Data\AspNetCoreTodo.Data.csproj", "{9C8C0ED6-BAB2-438E-B379-C9F65BBAF130}"
EndProject
Global
	GlobalSection(SolutionConfigurationPlatforms) = preSolution
		Debug|Any CPU = Debug|Any CPU
		Release|Any CPU = Release|Any CPU
	EndGlobalSection
	GlobalSection(ProjectConfigurationPlatforms) = postSolution
		{E26C71F6-6328-4168-A2D3-18BE3C8AF606}.Debug|Any CPU.ActiveCfg = Debug|Any CPU
		{E26C71F6-6328-4168-A2D3-18BE3C8AF606}.Debug|Any CPU.Build.0 = Debug|Any CPU
		{E26C71F6-6328-4168-A2D3-18BE3C8AF606}.Release|Any CPU.ActiveCfg = Release|Any CPU
		{E26C71F6-6328-4168-A2D3-18BE3C8AF606}.Release|Any CPU.Build.0 = Release|Any CPU
		{6E4D2EAC-4419-44F3-94A4-D1B7270F0000}.Debug|Any CPU.ActiveCfg = Debug|Any CPU
		{6E4D2EAC-4419-44F3-94A4-D1B7270F0000}.Debug|Any CPU.Build.0 = Debug|Any CPU
		{6E4D2EAC-4419-44F3-94A4-D1B7270F0000}.Release|Any CPU.ActiveCfg = Release|Any CPU
		{6E4D2EAC-4419-44F3-94A4-D1B7270F0000}.Release|Any CPU.Build.0 = Release|Any CPU
		{19AD05A7-A161-43A2-8A5D-49A2D44F08F8}.Debug|Any CPU.ActiveCfg = Debug|Any CPU
		{19AD05A7-A161-43A2-8A5D-49A2D44F08F8}.Debug|Any CPU.Build.0 = Debug|Any CPU
		{19AD05A7-A161-43A2-8A5D-49A2D44F08F8}.Release|Any CPU.ActiveCfg = Release|Any CPU
		{19AD05A7-A161-43A2-8A5D-49A2D44F08F8}.Release|Any CPU.Build.0 = Release|Any CPU
		{4B2E8B7B-4319-45CF-9D4E-F70C5CFFDE76}.Debug|Any CPU.ActiveCfg = Debug|Any CPU
		{4B2E8B7B-4319-45CF-9D4E-F70C5CFFDE76}.Debug|Any CPU.Build.0 = Debug|Any CPU
		{4B2E8B7B-4319-45CF-9D4E-F70C5CFFDE76}.Release|Any CPU.ActiveCfg = Release|Any CPU
		{4B2E8B7B-4319-45CF-9D4E-F70C5CFFDE76}.Release|Any CPU.Build.0 = Release|Any CPU
		{9C8C0ED6-BAB2-438E-B379-C9F65BBAF130}.Debug|Any CPU.ActiveCfg = Debug|Any CPU
		{9C8C0ED6-BAB2-438E-B379-C9F65BBAF130}.Debug|Any CPU.Build.0 = Debug|Any CPU
		{9C8C0ED6-BAB2-438E-B379-C9F65BBAF130}.Release|Any CPU.ActiveCfg = Release|Any CPU
		{9C8C0ED6-BAB2-438E-B379-C9F65BBAF130}.Release|Any CPU.Build.0 = Release|Any CPU
	EndGlobalSection
	GlobalSection(SolutionProperties) = preSolution
		HideSolutionNode = FALSE
	EndGlobalSection
	GlobalSection(ExtensibilityGlobals) = postSolution
		SolutionGuid = {CDF625B5-0E7F-4585-A326-2C64BB39568E}
	EndGlobalSection
EndGlobal
